// !$*UTF8*$!
{
	archiveVersion = 1;
	classes = {
	};
	objectVersion = 55;
	objects = {

/* Begin PBXBuildFile section */
		D80409E8287133BC002C0946 /* DayCareRecordApp.swift in Sources */ = {isa = PBXBuildFile; fileRef = D80409E7287133BC002C0946 /* DayCareRecordApp.swift */; };
		D80409EA287133BC002C0946 /* homeView.swift in Sources */ = {isa = PBXBuildFile; fileRef = D80409E9287133BC002C0946 /* homeView.swift */; };
		D80409EC287133BF002C0946 /* Assets.xcassets in Resources */ = {isa = PBXBuildFile; fileRef = D80409EB287133BF002C0946 /* Assets.xcassets */; };
		D80409EF287133BF002C0946 /* Preview Assets.xcassets in Resources */ = {isa = PBXBuildFile; fileRef = D80409EE287133BF002C0946 /* Preview Assets.xcassets */; };
		D80409F6287134A2002C0946 /* GoogleService-Info.plist in Resources */ = {isa = PBXBuildFile; fileRef = D80409F5287134A2002C0946 /* GoogleService-Info.plist */; };
		D80409F9287134E3002C0946 /* FirebaseAuth in Frameworks */ = {isa = PBXBuildFile; productRef = D80409F8287134E3002C0946 /* FirebaseAuth */; };
		D80409FB287134E3002C0946 /* FirebaseFirestore in Frameworks */ = {isa = PBXBuildFile; productRef = D80409FA287134E3002C0946 /* FirebaseFirestore */; };
		D80409FD287134E3002C0946 /* FirebaseStorage in Frameworks */ = {isa = PBXBuildFile; productRef = D80409FC287134E3002C0946 /* FirebaseStorage */; };
		D8040A00287135A4002C0946 /* Model.swift in Sources */ = {isa = PBXBuildFile; fileRef = D80409FF287135A4002C0946 /* Model.swift */; };
		D8040A04287136A6002C0946 /* DayCareClass.swift in Sources */ = {isa = PBXBuildFile; fileRef = D8040A03287136A6002C0946 /* DayCareClass.swift */; };
		D8040A06287136B0002C0946 /* ImagePicker.swift in Sources */ = {isa = PBXBuildFile; fileRef = D8040A05287136AF002C0946 /* ImagePicker.swift */; };
		D85093192878B2A000E487D9 /* TeacherListView.swift in Sources */ = {isa = PBXBuildFile; fileRef = D85093182878B2A000E487D9 /* TeacherListView.swift */; };
		D850931B2878B41A00E487D9 /* singleTeacherDetailView.swift in Sources */ = {isa = PBXBuildFile; fileRef = D850931A2878B41A00E487D9 /* singleTeacherDetailView.swift */; };
		D850931D2878C2C300E487D9 /* navigationLandingView.swift in Sources */ = {isa = PBXBuildFile; fileRef = D850931C2878C2C300E487D9 /* navigationLandingView.swift */; };
		D8509321287A84C200E487D9 /* StudentListView.swift in Sources */ = {isa = PBXBuildFile; fileRef = D8509320287A84C200E487D9 /* StudentListView.swift */; };
		D8509323287A85D400E487D9 /* singleStudentDetailView.swift in Sources */ = {isa = PBXBuildFile; fileRef = D8509322287A85D400E487D9 /* singleStudentDetailView.swift */; };
		D8509325287A8CE300E487D9 /* UpdateProfileSheet.swift in Sources */ = {isa = PBXBuildFile; fileRef = D8509324287A8CE300E487D9 /* UpdateProfileSheet.swift */; };
/* End PBXBuildFile section */

/* Begin PBXFileReference section */
		D80409E4287133BC002C0946 /* DayCareRecord.app */ = {isa = PBXFileReference; explicitFileType = wrapper.application; includeInIndex = 0; path = DayCareRecord.app; sourceTree = BUILT_PRODUCTS_DIR; };
		D80409E7287133BC002C0946 /* DayCareRecordApp.swift */ = {isa = PBXFileReference; lastKnownFileType = sourcecode.swift; path = DayCareRecordApp.swift; sourceTree = "<group>"; };
		D80409E9287133BC002C0946 /* homeView.swift */ = {isa = PBXFileReference; lastKnownFileType = sourcecode.swift; path = homeView.swift; sourceTree = "<group>"; };
		D80409EB287133BF002C0946 /* Assets.xcassets */ = {isa = PBXFileReference; lastKnownFileType = folder.assetcatalog; path = Assets.xcassets; sourceTree = "<group>"; };
		D80409EE287133BF002C0946 /* Preview Assets.xcassets */ = {isa = PBXFileReference; lastKnownFileType = folder.assetcatalog; path = "Preview Assets.xcassets"; sourceTree = "<group>"; };
		D80409F5287134A2002C0946 /* GoogleService-Info.plist */ = {isa = PBXFileReference; fileEncoding = 4; lastKnownFileType = text.plist.xml; path = "GoogleService-Info.plist"; sourceTree = "<group>"; };
		D80409FF287135A4002C0946 /* Model.swift */ = {isa = PBXFileReference; lastKnownFileType = sourcecode.swift; path = Model.swift; sourceTree = "<group>"; };
		D8040A03287136A6002C0946 /* DayCareClass.swift */ = {isa = PBXFileReference; fileEncoding = 4; lastKnownFileType = sourcecode.swift; path = DayCareClass.swift; sourceTree = "<group>"; };
		D8040A05287136AF002C0946 /* ImagePicker.swift */ = {isa = PBXFileReference; fileEncoding = 4; lastKnownFileType = sourcecode.swift; path = ImagePicker.swift; sourceTree = "<group>"; };
		D8040A55287141A7002C0946 /* Info.plist */ = {isa = PBXFileReference; lastKnownFileType = text.plist; path = Info.plist; sourceTree = "<group>"; };
		D85093182878B2A000E487D9 /* TeacherListView.swift */ = {isa = PBXFileReference; lastKnownFileType = sourcecode.swift; path = TeacherListView.swift; sourceTree = "<group>"; };
		D850931A2878B41A00E487D9 /* singleTeacherDetailView.swift */ = {isa = PBXFileReference; lastKnownFileType = sourcecode.swift; path = singleTeacherDetailView.swift; sourceTree = "<group>"; };
		D850931C2878C2C300E487D9 /* navigationLandingView.swift */ = {isa = PBXFileReference; lastKnownFileType = sourcecode.swift; path = navigationLandingView.swift; sourceTree = "<group>"; };
		D8509320287A84C200E487D9 /* StudentListView.swift */ = {isa = PBXFileReference; lastKnownFileType = sourcecode.swift; path = StudentListView.swift; sourceTree = "<group>"; };
		D8509322287A85D400E487D9 /* singleStudentDetailView.swift */ = {isa = PBXFileReference; lastKnownFileType = sourcecode.swift; path = singleStudentDetailView.swift; sourceTree = "<group>"; };
		D8509324287A8CE300E487D9 /* UpdateProfileSheet.swift */ = {isa = PBXFileReference; lastKnownFileType = sourcecode.swift; path = UpdateProfileSheet.swift; sourceTree = "<group>"; };
/* End PBXFileReference section */

/* Begin PBXFrameworksBuildPhase section */
		D80409E1287133BC002C0946 /* Frameworks */ = {
			isa = PBXFrameworksBuildPhase;
			buildActionMask = 2147483647;
			files = (
				D80409F9287134E3002C0946 /* FirebaseAuth in Frameworks */,
				D80409FB287134E3002C0946 /* FirebaseFirestore in Frameworks */,
				D80409FD287134E3002C0946 /* FirebaseStorage in Frameworks */,
			);
			runOnlyForDeploymentPostprocessing = 0;
		};
/* End PBXFrameworksBuildPhase section */

/* Begin PBXGroup section */
		D80409DB287133BC002C0946 = {
			isa = PBXGroup;
			children = (
				D80409E6287133BC002C0946 /* DayCareRecord */,
				D80409E5287133BC002C0946 /* Products */,
			);
			sourceTree = "<group>";
		};
		D80409E5287133BC002C0946 /* Products */ = {
			isa = PBXGroup;
			children = (
				D80409E4287133BC002C0946 /* DayCareRecord.app */,
			);
			name = Products;
			sourceTree = "<group>";
		};
		D80409E6287133BC002C0946 /* DayCareRecord */ = {
			isa = PBXGroup;
			children = (
				D8040A55287141A7002C0946 /* Info.plist */,
				D80409E7287133BC002C0946 /* DayCareRecordApp.swift */,
				D8040A0128713616002C0946 /* View */,
				D8040A022871361F002C0946 /* ViewModel */,
				D80409FE28713594002C0946 /* Model */,
				D80409EB287133BF002C0946 /* Assets.xcassets */,
				D80409F5287134A2002C0946 /* GoogleService-Info.plist */,
				D80409ED287133BF002C0946 /* Preview Content */,
			);
			path = DayCareRecord;
			sourceTree = "<group>";
		};
		D80409ED287133BF002C0946 /* Preview Content */ = {
			isa = PBXGroup;
			children = (
				D80409EE287133BF002C0946 /* Preview Assets.xcassets */,
			);
			path = "Preview Content";
			sourceTree = "<group>";
		};
		D80409FE28713594002C0946 /* Model */ = {
			isa = PBXGroup;
			children = (
				D80409FF287135A4002C0946 /* Model.swift */,
			);
			path = Model;
			sourceTree = "<group>";
		};
		D8040A0128713616002C0946 /* View */ = {
			isa = PBXGroup;
			children = (
				D80409E9287133BC002C0946 /* homeView.swift */,
				D85093182878B2A000E487D9 /* TeacherListView.swift */,
				D8509320287A84C200E487D9 /* StudentListView.swift */,
				D850931A2878B41A00E487D9 /* singleTeacherDetailView.swift */,
				D850931C2878C2C300E487D9 /* navigationLandingView.swift */,
				D8509322287A85D400E487D9 /* singleStudentDetailView.swift */,
				D8509324287A8CE300E487D9 /* UpdateProfileSheet.swift */,
			);
			path = View;
			sourceTree = "<group>";
		};
		D8040A022871361F002C0946 /* ViewModel */ = {
			isa = PBXGroup;
			children = (
				D8040A03287136A6002C0946 /* DayCareClass.swift */,
				D8040A05287136AF002C0946 /* ImagePicker.swift */,
			);
			path = ViewModel;
			sourceTree = "<group>";
		};
/* End PBXGroup section */

/* Begin PBXNativeTarget section */
		D80409E3287133BC002C0946 /* DayCareRecord */ = {
			isa = PBXNativeTarget;
			buildConfigurationList = D80409F2287133BF002C0946 /* Build configuration list for PBXNativeTarget "DayCareRecord" */;
			buildPhases = (
				D80409E0287133BC002C0946 /* Sources */,
				D80409E1287133BC002C0946 /* Frameworks */,
				D80409E2287133BC002C0946 /* Resources */,
			);
			buildRules = (
			);
			dependencies = (
			);
			name = DayCareRecord;
			packageProductDependencies = (
				D80409F8287134E3002C0946 /* FirebaseAuth */,
				D80409FA287134E3002C0946 /* FirebaseFirestore */,
				D80409FC287134E3002C0946 /* FirebaseStorage */,
			);
			productName = DayCareRecord;
			productReference = D80409E4287133BC002C0946 /* DayCareRecord.app */;
			productType = "com.apple.product-type.application";
		};
/* End PBXNativeTarget section */

/* Begin PBXProject section */
		D80409DC287133BC002C0946 /* Project object */ = {
			isa = PBXProject;
			attributes = {
				BuildIndependentTargetsInParallel = 1;
				LastSwiftUpdateCheck = 1340;
				LastUpgradeCheck = 1340;
				TargetAttributes = {
					D80409E3287133BC002C0946 = {
						CreatedOnToolsVersion = 13.4.1;
					};
				};
			};
			buildConfigurationList = D80409DF287133BC002C0946 /* Build configuration list for PBXProject "DayCareRecord" */;
			compatibilityVersion = "Xcode 13.0";
			developmentRegion = en;
			hasScannedForEncodings = 0;
			knownRegions = (
				en,
				Base,
			);
			mainGroup = D80409DB287133BC002C0946;
			packageReferences = (
				D80409F7287134E3002C0946 /* XCRemoteSwiftPackageReference "firebase-ios-sdk" */,
			);
			productRefGroup = D80409E5287133BC002C0946 /* Products */;
			projectDirPath = "";
			projectRoot = "";
			targets = (
				D80409E3287133BC002C0946 /* DayCareRecord */,
			);
		};
/* End PBXProject section */

/* Begin PBXResourcesBuildPhase section */
		D80409E2287133BC002C0946 /* Resources */ = {
			isa = PBXResourcesBuildPhase;
			buildActionMask = 2147483647;
			files = (
				D80409EF287133BF002C0946 /* Preview Assets.xcassets in Resources */,
				D80409EC287133BF002C0946 /* Assets.xcassets in Resources */,
				D80409F6287134A2002C0946 /* GoogleService-Info.plist in Resources */,
			);
			runOnlyForDeploymentPostprocessing = 0;
		};
/* End PBXResourcesBuildPhase section */

/* Begin PBXSourcesBuildPhase section */
		D80409E0287133BC002C0946 /* Sources */ = {
			isa = PBXSourcesBuildPhase;
			buildActionMask = 2147483647;
			files = (
				D8040A04287136A6002C0946 /* DayCareClass.swift in Sources */,
				D8040A00287135A4002C0946 /* Model.swift in Sources */,
				D8040A06287136B0002C0946 /* ImagePicker.swift in Sources */,
				D85093192878B2A000E487D9 /* TeacherListView.swift in Sources */,
				D80409EA287133BC002C0946 /* homeView.swift in Sources */,
				D850931B2878B41A00E487D9 /* singleTeacherDetailView.swift in Sources */,
				D850931D2878C2C300E487D9 /* navigationLandingView.swift in Sources */,
				D8509323287A85D400E487D9 /* singleStudentDetailView.swift in Sources */,
				D80409E8287133BC002C0946 /* DayCareRecordApp.swift in Sources */,
				D8509321287A84C200E487D9 /* StudentListView.swift in Sources */,
				D8509325287A8CE300E487D9 /* UpdateProfileSheet.swift in Sources */,
			);
			runOnlyForDeploymentPostprocessing = 0;
		};
/* End PBXSourcesBuildPhase section */

/* Begin XCBuildConfiguration section */
		D80409F0287133BF002C0946 /* Debug */ = {
			isa = XCBuildConfiguration;
			buildSettings = {
				ALWAYS_SEARCH_USER_PATHS = NO;
				CLANG_ANALYZER_NONNULL = YES;
				CLANG_ANALYZER_NUMBER_OBJECT_CONVERSION = YES_AGGRESSIVE;
				CLANG_CXX_LANGUAGE_STANDARD = "gnu++17";
				CLANG_ENABLE_MODULES = YES;
				CLANG_ENABLE_OBJC_ARC = YES;
				CLANG_ENABLE_OBJC_WEAK = YES;
				CLANG_WARN_BLOCK_CAPTURE_AUTORELEASING = YES;
				CLANG_WARN_BOOL_CONVERSION = YES;
				CLANG_WARN_COMMA = YES;
				CLANG_WARN_CONSTANT_CONVERSION = YES;
				CLANG_WARN_DEPRECATED_OBJC_IMPLEMENTATIONS = YES;
				CLANG_WARN_DIRECT_OBJC_ISA_USAGE = YES_ERROR;
				CLANG_WARN_DOCUMENTATION_COMMENTS = YES;
				CLANG_WARN_EMPTY_BODY = YES;
				CLANG_WARN_ENUM_CONVERSION = YES;
				CLANG_WARN_INFINITE_RECURSION = YES;
				CLANG_WARN_INT_CONVERSION = YES;
				CLANG_WARN_NON_LITERAL_NULL_CONVERSION = YES;
				CLANG_WARN_OBJC_IMPLICIT_RETAIN_SELF = YES;
				CLANG_WARN_OBJC_LITERAL_CONVERSION = YES;
				CLANG_WARN_OBJC_ROOT_CLASS = YES_ERROR;
				CLANG_WARN_QUOTED_INCLUDE_IN_FRAMEWORK_HEADER = YES;
				CLANG_WARN_RANGE_LOOP_ANALYSIS = YES;
				CLANG_WARN_STRICT_PROTOTYPES = YES;
				CLANG_WARN_SUSPICIOUS_MOVE = YES;
				CLANG_WARN_UNGUARDED_AVAILABILITY = YES_AGGRESSIVE;
				CLANG_WARN_UNREACHABLE_CODE = YES;
				CLANG_WARN__DUPLICATE_METHOD_MATCH = YES;
				COPY_PHASE_STRIP = NO;
				DEBUG_INFORMATION_FORMAT = dwarf;
				ENABLE_STRICT_OBJC_MSGSEND = YES;
				ENABLE_TESTABILITY = YES;
				GCC_C_LANGUAGE_STANDARD = gnu11;
				GCC_DYNAMIC_NO_PIC = NO;
				GCC_NO_COMMON_BLOCKS = YES;
				GCC_OPTIMIZATION_LEVEL = 0;
				GCC_PREPROCESSOR_DEFINITIONS = (
					"DEBUG=1",
					"$(inherited)",
				);
				GCC_WARN_64_TO_32_BIT_CONVERSION = YES;
				GCC_WARN_ABOUT_RETURN_TYPE = YES_ERROR;
				GCC_WARN_UNDECLARED_SELECTOR = YES;
				GCC_WARN_UNINITIALIZED_AUTOS = YES_AGGRESSIVE;
				GCC_WARN_UNUSED_FUNCTION = YES;
				GCC_WARN_UNUSED_VARIABLE = YES;
				IPHONEOS_DEPLOYMENT_TARGET = 15.5;
				MTL_ENABLE_DEBUG_INFO = INCLUDE_SOURCE;
				MTL_FAST_MATH = YES;
				ONLY_ACTIVE_ARCH = YES;
				SDKROOT = iphoneos;
				SWIFT_ACTIVE_COMPILATION_CONDITIONS = DEBUG;
				SWIFT_OPTIMIZATION_LEVEL = "-Onone";
			};
			name = Debug;
		};
		D80409F1287133BF002C0946 /* Release */ = {
			isa = XCBuildConfiguration;
			buildSettings = {
				ALWAYS_SEARCH_USER_PATHS = NO;
				CLANG_ANALYZER_NONNULL = YES;
				CLANG_ANALYZER_NUMBER_OBJECT_CONVERSION = YES_AGGRESSIVE;
				CLANG_CXX_LANGUAGE_STANDARD = "gnu++17";
				CLANG_ENABLE_MODULES = YES;
				CLANG_ENABLE_OBJC_ARC = YES;
				CLANG_ENABLE_OBJC_WEAK = YES;
				CLANG_WARN_BLOCK_CAPTURE_AUTORELEASING = YES;
				CLANG_WARN_BOOL_CONVERSION = YES;
				CLANG_WARN_COMMA = YES;
				CLANG_WARN_CONSTANT_CONVERSION = YES;
				CLANG_WARN_DEPRECATED_OBJC_IMPLEMENTATIONS = YES;
				CLANG_WARN_DIRECT_OBJC_ISA_USAGE = YES_ERROR;
				CLANG_WARN_DOCUMENTATION_COMMENTS = YES;
				CLANG_WARN_EMPTY_BODY = YES;
				CLANG_WARN_ENUM_CONVERSION = YES;
				CLANG_WARN_INFINITE_RECURSION = YES;
				CLANG_WARN_INT_CONVERSION = YES;
				CLANG_WARN_NON_LITERAL_NULL_CONVERSION = YES;
				CLANG_WARN_OBJC_IMPLICIT_RETAIN_SELF = YES;
				CLANG_WARN_OBJC_LITERAL_CONVERSION = YES;
				CLANG_WARN_OBJC_ROOT_CLASS = YES_ERROR;
				CLANG_WARN_QUOTED_INCLUDE_IN_FRAMEWORK_HEADER = YES;
				CLANG_WARN_RANGE_LOOP_ANALYSIS = YES;
				CLANG_WARN_STRICT_PROTOTYPES = YES;
				CLANG_WARN_SUSPICIOUS_MOVE = YES;
				CLANG_WARN_UNGUARDED_AVAILABILITY = YES_AGGRESSIVE;
				CLANG_WARN_UNREACHABLE_CODE = YES;
				CLANG_WARN__DUPLICATE_METHOD_MATCH = YES;
				COPY_PHASE_STRIP = NO;
				DEBUG_INFORMATION_FORMAT = "dwarf-with-dsym";
				ENABLE_NS_ASSERTIONS = NO;
				ENABLE_STRICT_OBJC_MSGSEND = YES;
				GCC_C_LANGUAGE_STANDARD = gnu11;
				GCC_NO_COMMON_BLOCKS = YES;
				GCC_WARN_64_TO_32_BIT_CONVERSION = YES;
				GCC_WARN_ABOUT_RETURN_TYPE = YES_ERROR;
				GCC_WARN_UNDECLARED_SELECTOR = YES;
				GCC_WARN_UNINITIALIZED_AUTOS = YES_AGGRESSIVE;
				GCC_WARN_UNUSED_FUNCTION = YES;
				GCC_WARN_UNUSED_VARIABLE = YES;
				IPHONEOS_DEPLOYMENT_TARGET = 15.5;
				MTL_ENABLE_DEBUG_INFO = NO;
				MTL_FAST_MATH = YES;
				SDKROOT = iphoneos;
				SWIFT_COMPILATION_MODE = wholemodule;
				SWIFT_OPTIMIZATION_LEVEL = "-O";
				VALIDATE_PRODUCT = YES;
			};
			name = Release;
		};
		D80409F3287133BF002C0946 /* Debug */ = {
			isa = XCBuildConfiguration;
			buildSettings = {
				ASSETCATALOG_COMPILER_APPICON_NAME = AppIcon;
				ASSETCATALOG_COMPILER_GLOBAL_ACCENT_COLOR_NAME = AccentColor;
				CODE_SIGN_STYLE = Automatic;
				CURRENT_PROJECT_VERSION = 1;
				DEVELOPMENT_ASSET_PATHS = "\"DayCareRecord/Preview Content\"";
				DEVELOPMENT_TEAM = UC6S995QQ3;
				ENABLE_PREVIEWS = YES;
				GENERATE_INFOPLIST_FILE = YES;
				INFOPLIST_FILE = DayCareRecord/Info.plist;
				INFOPLIST_KEY_UIApplicationSceneManifest_Generation = YES;
				INFOPLIST_KEY_UIApplicationSupportsIndirectInputEvents = YES;
				INFOPLIST_KEY_UISupportedInterfaceOrientations = "UIInterfaceOrientationLandscapeLeft UIInterfaceOrientationLandscapeRight";
				INFOPLIST_KEY_UISupportedInterfaceOrientations_iPad = "UIInterfaceOrientationPortrait UIInterfaceOrientationPortraitUpsideDown UIInterfaceOrientationLandscapeLeft UIInterfaceOrientationLandscapeRight";
				INFOPLIST_KEY_UISupportedInterfaceOrientations_iPhone = "UIInterfaceOrientationPortrait UIInterfaceOrientationLandscapeLeft UIInterfaceOrientationLandscapeRight";
				LD_RUNPATH_SEARCH_PATHS = (
					"$(inherited)",
					"@executable_path/Frameworks",
				);
				MARKETING_VERSION = 2;
				PRODUCT_BUNDLE_IDENTIFIER = JiananLi.DayCareRecord;
				PRODUCT_NAME = "$(TARGET_NAME)";
				SWIFT_EMIT_LOC_STRINGS = YES;
				SWIFT_VERSION = 5.0;
				TARGETED_DEVICE_FAMILY = "1,2";
			};
			name = Debug;
		};
		D80409F4287133BF002C0946 /* Release */ = {
			isa = XCBuildConfiguration;
			buildSettings = {
				ASSETCATALOG_COMPILER_APPICON_NAME = AppIcon;
				ASSETCATALOG_COMPILER_GLOBAL_ACCENT_COLOR_NAME = AccentColor;
				CODE_SIGN_STYLE = Automatic;
				CURRENT_PROJECT_VERSION = 1;
				DEVELOPMENT_ASSET_PATHS = "\"DayCareRecord/Preview Content\"";
				DEVELOPMENT_TEAM = UC6S995QQ3;
				ENABLE_PREVIEWS = YES;
				GENERATE_INFOPLIST_FILE = YES;
				INFOPLIST_FILE = DayCareRecord/Info.plist;
				INFOPLIST_KEY_UIApplicationSceneManifest_Generation = YES;
				INFOPLIST_KEY_UIApplicationSupportsIndirectInputEvents = YES;
				INFOPLIST_KEY_UISupportedInterfaceOrientations = "UIInterfaceOrientationLandscapeLeft UIInterfaceOrientationLandscapeRight";
				INFOPLIST_KEY_UISupportedInterfaceOrientations_iPad = "UIInterfaceOrientationPortrait UIInterfaceOrientationPortraitUpsideDown UIInterfaceOrientationLandscapeLeft UIInterfaceOrientationLandscapeRight";
				INFOPLIST_KEY_UISupportedInterfaceOrientations_iPhone = "UIInterfaceOrientationPortrait UIInterfaceOrientationLandscapeLeft UIInterfaceOrientationLandscapeRight";
				LD_RUNPATH_SEARCH_PATHS = (
					"$(inherited)",
					"@executable_path/Frameworks",
				);
				MARKETING_VERSION = 2;
				PRODUCT_BUNDLE_IDENTIFIER = JiananLi.DayCareRecord;
				PRODUCT_NAME = "$(TARGET_NAME)";
				SWIFT_EMIT_LOC_STRINGS = YES;
				SWIFT_VERSION = 5.0;
				TARGETED_DEVICE_FAMILY = "1,2";
			};
			name = Release;
		};
/* End XCBuildConfiguration section */

/* Begin XCConfigurationList section */
		D80409DF287133BC002C0946 /* Build configuration list for PBXProject "DayCareRecord" */ = {
			isa = XCConfigurationList;
			buildConfigurations = (
				D80409F0287133BF002C0946 /* Debug */,
				D80409F1287133BF002C0946 /* Release */,
			);
			defaultConfigurationIsVisible = 0;
			defaultConfigurationName = Release;
		};
		D80409F2287133BF002C0946 /* Build configuration list for PBXNativeTarget "DayCareRecord" */ = {
			isa = XCConfigurationList;
			buildConfigurations = (
				D80409F3287133BF002C0946 /* Debug */,
				D80409F4287133BF002C0946 /* Release */,
			);
			defaultConfigurationIsVisible = 0;
			defaultConfigurationName = Release;
		};
/* End XCConfigurationList section */

/* Begin XCRemoteSwiftPackageReference section */
		D80409F7287134E3002C0946 /* XCRemoteSwiftPackageReference "firebase-ios-sdk" */ = {
			isa = XCRemoteSwiftPackageReference;
			repositoryURL = "https://github.com/firebase/firebase-ios-sdk";
			requirement = {
				kind = upToNextMajorVersion;
				minimumVersion = 9.0.0;
			};
		};
/* End XCRemoteSwiftPackageReference section */

/* Begin XCSwiftPackageProductDependency section */
		D80409F8287134E3002C0946 /* FirebaseAuth */ = {
			isa = XCSwiftPackageProductDependency;
			package = D80409F7287134E3002C0946 /* XCRemoteSwiftPackageReference "firebase-ios-sdk" */;
			productName = FirebaseAuth;
		};
		D80409FA287134E3002C0946 /* FirebaseFirestore */ = {
			isa = XCSwiftPackageProductDependency;
			package = D80409F7287134E3002C0946 /* XCRemoteSwiftPackageReference "firebase-ios-sdk" */;
			productName = FirebaseFirestore;
		};
		D80409FC287134E3002C0946 /* FirebaseStorage */ = {
			isa = XCSwiftPackageProductDependency;
			package = D80409F7287134E3002C0946 /* XCRemoteSwiftPackageReference "firebase-ios-sdk" */;
			productName = FirebaseStorage;
		};
/* End XCSwiftPackageProductDependency section */
	};
	rootObject = D80409DC287133BC002C0946 /* Project object */;
}
